
Microsoft Visual Studio Solution File, Format Version 12.00
# Visual Studio Version 16
VisualStudioVersion = 16.0.30804.86
MinimumVisualStudioVersion = 10.0.40219.1
Project("{FAE04EC0-301F-11D3-BF4B-00C04F79EFBC}") = "BaseConvert", "BaseConvert\BaseConvert.csproj", "{004A2688-A986-44F1-9C30-F1FAE06C056C}"
EndProject
Global
	GlobalSection(SolutionConfigurationPlatforms) = preSolution
		Debug|Any CPU = Debug|Any CPU
		Release|Any CPU = Release|Any CPU
	EndGlobalSection
	GlobalSection(ProjectConfigurationPlatforms) = postSolution
		{004A2688-A986-44F1-9C30-F1FAE06C056C}.Debug|Any CPU.ActiveCfg = Debug|Any CPU
		{004A2688-A986-44F1-9C30-F1FAE06C056C}.Debug|Any CPU.Build.0 = Debug|Any CPU
		{004A2688-A986-44F1-9C30-F1FAE06C056C}.Release|Any CPU.ActiveCfg = Release|Any CPU
		{004A2688-A986-44F1-9C30-F1FAE06C056C}.Release|Any CPU.Build.0 = Release|Any CPU
	EndGlobalSection
	GlobalSection(SolutionProperties) = preSolution
		HideSolutionNode = FALSE
	EndGlobalSection
	GlobalSection(ExtensibilityGlobals) = postSolution
		SolutionGuid = {98FF7413-9241-4DDE-A5BB-BD9E75ECAF8B}
	EndGlobalSection
EndGlobal
